
Microsoft Visual Studio Solution File, Format Version 12.00
# Visual Studio Version 17
VisualStudioVersion = 17.6.33723.286
MinimumVisualStudioVersion = 10.0.40219.1
Project("{9A19103F-16F7-4668-BE54-9A1E7A4F7556}") = "KissMap", "KissMapper\KissMap.csproj", "{FA6817CB-EBCC-4EA5-8DA6-7F8F1F961BB2}"
EndProject
Project("{9A19103F-16F7-4668-BE54-9A1E7A4F7556}") = "Tests", "Tests\Tests.csproj", "{DD4940E5-E84B-4BB9-B24B-76F18CE00F5C}"
EndProject
Global
	GlobalSection(SolutionConfigurationPlatforms) = preSolution
		Debug|Any CPU = Debug|Any CPU
		Release|Any CPU = Release|Any CPU
	EndGlobalSection
	GlobalSection(ProjectConfigurationPlatforms) = postSolution
		{FA6817CB-EBCC-4EA5-8DA6-7F8F1F961BB2}.Debug|Any CPU.ActiveCfg = Debug|Any CPU
		{FA6817CB-EBCC-4EA5-8DA6-7F8F1F961BB2}.Debug|Any CPU.Build.0 = Debug|Any CPU
		{FA6817CB-EBCC-4EA5-8DA6-7F8F1F961BB2}.Release|Any CPU.ActiveCfg = Release|Any CPU
		{FA6817CB-EBCC-4EA5-8DA6-7F8F1F961BB2}.Release|Any CPU.Build.0 = Release|Any CPU
		{DD4940E5-E84B-4BB9-B24B-76F18CE00F5C}.Debug|Any CPU.ActiveCfg = Debug|Any CPU
		{DD4940E5-E84B-4BB9-B24B-76F18CE00F5C}.Debug|Any CPU.Build.0 = Debug|Any CPU
		{DD4940E5-E84B-4BB9-B24B-76F18CE00F5C}.Release|Any CPU.ActiveCfg = Release|Any CPU
		{DD4940E5-E84B-4BB9-B24B-76F18CE00F5C}.Release|Any CPU.Build.0 = Release|Any CPU
	EndGlobalSection
	GlobalSection(SolutionProperties) = preSolution
		HideSolutionNode = FALSE
	EndGlobalSection
	GlobalSection(ExtensibilityGlobals) = postSolution
		SolutionGuid = {DECA13F3-727A-4DA8-9D9E-385292A491A4}
	EndGlobalSection
EndGlobal
